
Microsoft Visual Studio Solution File, Format Version 12.00
# Visual Studio 15
VisualStudioVersion = 15.0.27703.2042
MinimumVisualStudioVersion = 10.0.40219.1
Project("{8BC9CEB8-8B4A-11D0-8D11-00A0C91BC942}") = "Serial", "Serial\Serial.vcxproj", "{376EAE88-1BF9-4893-A035-E2F16F1D2138}"
EndProject
Global
	GlobalSection(SolutionConfigurationPlatforms) = preSolution
		Debug|x64 = Debug|x64
		Debug|x86 = Debug|x86
		Release|x64 = Release|x64
		Release|x86 = Release|x86
	EndGlobalSection
	GlobalSection(ProjectConfigurationPlatforms) = postSolution
		{376EAE88-1BF9-4893-A035-E2F16F1D2138}.Debug|x64.ActiveCfg = Debug|x64
		{376EAE88-1BF9-4893-A035-E2F16F1D2138}.Debug|x64.Build.0 = Debug|x64
		{376EAE88-1BF9-4893-A035-E2F16F1D2138}.Debug|x86.ActiveCfg = Debug|Win32
		{376EAE88-1BF9-4893-A035-E2F16F1D2138}.Debug|x86.Build.0 = Debug|Win32
		{376EAE88-1BF9-4893-A035-E2F16F1D2138}.Release|x64.ActiveCfg = Release|x64
		{376EAE88-1BF9-4893-A035-E2F16F1D2138}.Release|x64.Build.0 = Release|x64
		{376EAE88-1BF9-4893-A035-E2F16F1D2138}.Release|x86.ActiveCfg = Release|Win32
		{376EAE88-1BF9-4893-A035-E2F16F1D2138}.Release|x86.Build.0 = Release|Win32
	EndGlobalSection
	GlobalSection(SolutionProperties) = preSolution
		HideSolutionNode = FALSE
	EndGlobalSection
	GlobalSection(ExtensibilityGlobals) = postSolution
		SolutionGuid = {6919F39B-B766-4FF0-B497-4202E28BEA9D}
	EndGlobalSection
EndGlobal
